// !$*UTF8*$!
{
	archiveVersion = 1;
	classes = {
	};
	objectVersion = 77;
	objects = {

/* Begin PBXContainerItemProxy section */
		9A62F8A92CF235DB008166B3 /* PBXContainerItemProxy */ = {
			isa = PBXContainerItemProxy;
			containerPortal = 9A62F88A2CF235D9008166B3 /* Project object */;
			proxyType = 1;
			remoteGlobalIDString = 9A62F8912CF235D9008166B3;
			remoteInfo = CollectionViewTask;
		};
		9A62F8B32CF235DB008166B3 /* PBXContainerItemProxy */ = {
			isa = PBXContainerItemProxy;
			containerPortal = 9A62F88A2CF235D9008166B3 /* Project object */;
			proxyType = 1;
			remoteGlobalIDString = 9A62F8912CF235D9008166B3;
			remoteInfo = CollectionViewTask;
		};
/* End PBXContainerItemProxy section */

/* Begin PBXFileReference section */
		9A62F8922CF235D9008166B3 /* CollectionViewTask.app */ = {isa = PBXFileReference; explicitFileType = wrapper.application; includeInIndex = 0; path = CollectionViewTask.app; sourceTree = BUILT_PRODUCTS_DIR; };
		9A62F8A82CF235DB008166B3 /* CollectionViewTaskTests.xctest */ = {isa = PBXFileReference; explicitFileType = wrapper.cfbundle; includeInIndex = 0; path = CollectionViewTaskTests.xctest; sourceTree = BUILT_PRODUCTS_DIR; };
		9A62F8B22CF235DB008166B3 /* CollectionViewTaskUITests.xctest */ = {isa = PBXFileReference; explicitFileType = wrapper.cfbundle; includeInIndex = 0; path = CollectionViewTaskUITests.xctest; sourceTree = BUILT_PRODUCTS_DIR; };
/* End PBXFileReference section */

/* Begin PBXFileSystemSynchronizedBuildFileExceptionSet section */
		9A62F8BA2CF235DB008166B3 /* Exceptions for "CollectionViewTask" folder in "CollectionViewTask" target */ = {
			isa = PBXFileSystemSynchronizedBuildFileExceptionSet;
			membershipExceptions = (
				Info.plist,
			);
			target = 9A62F8912CF235D9008166B3 /* CollectionViewTask */;
		};
/* End PBXFileSystemSynchronizedBuildFileExceptionSet section */

/* Begin PBXFileSystemSynchronizedRootGroup section */
		9A62F8942CF235D9008166B3 /* CollectionViewTask */ = {
			isa = PBXFileSystemSynchronizedRootGroup;
			exceptions = (
				9A62F8BA2CF235DB008166B3 /* Exceptions for "CollectionViewTask" folder in "CollectionViewTask" target */,
			);
			path = CollectionViewTask;
			sourceTree = "<group>";
		};
		9A62F8AB2CF235DB008166B3 /* CollectionViewTaskTests */ = {
			isa = PBXFileSystemSynchronizedRootGroup;
			path = CollectionViewTaskTests;
			sourceTree = "<group>";
		};
		9A62F8B52CF235DB008166B3 /* CollectionViewTaskUITests */ = {
			isa = PBXFileSystemSynchronizedRootGroup;
			path = CollectionViewTaskUITests;
			sourceTree = "<group>";
		};
/* End PBXFileSystemSynchronizedRootGroup section */

/* Begin PBXFrameworksBuildPhase section */
		9A62F88F2CF235D9008166B3 /* Frameworks */ = {
			isa = PBXFrameworksBuildPhase;
			buildActionMask = 2147483647;
			files = (
			);
			runOnlyForDeploymentPostprocessing = 0;
		};
		9A62F8A52CF235DB008166B3 /* Frameworks */ = {
			isa = PBXFrameworksBuildPhase;
			buildActionMask = 2147483647;
			files = (
			);
			runOnlyForDeploymentPostprocessing = 0;
		};
		9A62F8AF2CF235DB008166B3 /* Frameworks */ = {
			isa = PBXFrameworksBuildPhase;
			buildActionMask = 2147483647;
			files = (
			);
			runOnlyForDeploymentPostprocessing = 0;
		};
/* End PBXFrameworksBuildPhase section */

/* Begin PBXGroup section */
		9A62F8892CF235D9008166B3 = {
			isa = PBXGroup;
			children = (
				9A62F8942CF235D9008166B3 /* CollectionViewTask */,
				9A62F8AB2CF235DB008166B3 /* CollectionViewTaskTests */,
				9A62F8B52CF235DB008166B3 /* CollectionViewTaskUITests */,
				9A62F8932CF235D9008166B3 /* Products */,
			);
			sourceTree = "<group>";
		};
		9A62F8932CF235D9008166B3 /* Products */ = {
			isa = PBXGroup;
			children = (
				9A62F8922CF235D9008166B3 /* CollectionViewTask.app */,
				9A62F8A82CF235DB008166B3 /* CollectionViewTaskTests.xctest */,
				9A62F8B22CF235DB008166B3 /* CollectionViewTaskUITests.xctest */,
			);
			name = Products;
			sourceTree = "<group>";
		};
/* End PBXGroup section */

/* Begin PBXNativeTarget section */
		9A62F8912CF235D9008166B3 /* CollectionViewTask */ = {
			isa = PBXNativeTarget;
			buildConfigurationList = 9A62F8BB2CF235DB008166B3 /* Build configuration list for PBXNativeTarget "CollectionViewTask" */;
			buildPhases = (
				9A62F88E2CF235D9008166B3 /* Sources */,
				9A62F88F2CF235D9008166B3 /* Frameworks */,
				9A62F8902CF235D9008166B3 /* Resources */,
			);
			buildRules = (
			);
			dependencies = (
			);
			fileSystemSynchronizedGroups = (
				9A62F8942CF235D9008166B3 /* CollectionViewTask */,
			);
			name = CollectionViewTask;
			packageProductDependencies = (
			);
			productName = CollectionViewTask;
			productReference = 9A62F8922CF235D9008166B3 /* CollectionViewTask.app */;
			productType = "com.apple.product-type.application";
		};
		9A62F8A72CF235DB008166B3 /* CollectionViewTaskTests */ = {
			isa = PBXNativeTarget;
			buildConfigurationList = 9A62F8C02CF235DB008166B3 /* Build configuration list for PBXNativeTarget "CollectionViewTaskTests" */;
			buildPhases = (
				9A62F8A42CF235DB008166B3 /* Sources */,
				9A62F8A52CF235DB008166B3 /* Frameworks */,
				9A62F8A62CF235DB008166B3 /* Resources */,
			);
			buildRules = (
			);
			dependencies = (
				9A62F8AA2CF235DB008166B3 /* PBXTargetDependency */,
			);
			fileSystemSynchronizedGroups = (
				9A62F8AB2CF235DB008166B3 /* CollectionViewTaskTests */,
			);
			name = CollectionViewTaskTests;
			packageProductDependencies = (
			);
			productName = CollectionViewTaskTests;
			productReference = 9A62F8A82CF235DB008166B3 /* CollectionViewTaskTests.xctest */;
			productType = "com.apple.product-type.bundle.unit-test";
		};
		9A62F8B12CF235DB008166B3 /* CollectionViewTaskUITests */ = {
			isa = PBXNativeTarget;
			buildConfigurationList = 9A62F8C32CF235DB008166B3 /* Build configuration list for PBXNativeTarget "CollectionViewTaskUITests" */;
			buildPhases = (
				9A62F8AE2CF235DB008166B3 /* Sources */,
				9A62F8AF2CF235DB008166B3 /* Frameworks */,
				9A62F8B02CF235DB008166B3 /* Resources */,
			);
			buildRules = (
			);
			dependencies = (
				9A62F8B42CF235DB008166B3 /* PBXTargetDependency */,
			);
			fileSystemSynchronizedGroups = (
				9A62F8B52CF235DB008166B3 /* CollectionViewTaskUITests */,
			);
			name = CollectionViewTaskUITests;
			packageProductDependencies = (
			);
			productName = CollectionViewTaskUITests;
			productReference = 9A62F8B22CF235DB008166B3 /* CollectionViewTaskUITests.xctest */;
			productType = "com.apple.product-type.bundle.ui-testing";
		};
/* End PBXNativeTarget section */

/* Begin PBXProject section */
		9A62F88A2CF235D9008166B3 /* Project object */ = {
			isa = PBXProject;
			attributes = {
				BuildIndependentTargetsInParallel = 1;
				LastSwiftUpdateCheck = 1610;
				LastUpgradeCheck = 1610;
				TargetAttributes = {
					9A62F8912CF235D9008166B3 = {
						CreatedOnToolsVersion = 16.1;
					};
					9A62F8A72CF235DB008166B3 = {
						CreatedOnToolsVersion = 16.1;
						TestTargetID = 9A62F8912CF235D9008166B3;
					};
					9A62F8B12CF235DB008166B3 = {
						CreatedOnToolsVersion = 16.1;
						TestTargetID = 9A62F8912CF235D9008166B3;
					};
				};
			};
			buildConfigurationList = 9A62F88D2CF235D9008166B3 /* Build configuration list for PBXProject "CollectionViewTask" */;
			developmentRegion = en;
			hasScannedForEncodings = 0;
			knownRegions = (
				en,
				Base,
			);
			mainGroup = 9A62F8892CF235D9008166B3;
			minimizedProjectReferenceProxies = 1;
			preferredProjectObjectVersion = 77;
			productRefGroup = 9A62F8932CF235D9008166B3 /* Products */;
			projectDirPath = "";
			projectRoot = "";
			targets = (
				9A62F8912CF235D9008166B3 /* CollectionViewTask */,
				9A62F8A72CF235DB008166B3 /* CollectionViewTaskTests */,
				9A62F8B12CF235DB008166B3 /* CollectionViewTaskUITests */,
			);
		};
/* End PBXProject section */

/* Begin PBXResourcesBuildPhase section */
		9A62F8902CF235D9008166B3 /* Resources */ = {
			isa = PBXResourcesBuildPhase;
			buildActionMask = 2147483647;
			files = (
			);
			runOnlyForDeploymentPostprocessing = 0;
		};
		9A62F8A62CF235DB008166B3 /* Resources */ = {
			isa = PBXResourcesBuildPhase;
			buildActionMask = 2147483647;
			files = (
			);
			runOnlyForDeploymentPostprocessing = 0;
		};
		9A62F8B02CF235DB008166B3 /* Resources */ = {
			isa = PBXResourcesBuildPhase;
			buildActionMask = 2147483647;
			files = (
			);
			runOnlyForDeploymentPostprocessing = 0;
		};
/* End PBXResourcesBuildPhase section */

/* Begin PBXSourcesBuildPhase section */
		9A62F88E2CF235D9008166B3 /* Sources */ = {
			isa = PBXSourcesBuildPhase;
			buildActionMask = 2147483647;
			files = (
			);
			runOnlyForDeploymentPostprocessing = 0;
		};
		9A62F8A42CF235DB008166B3 /* Sources */ = {
			isa = PBXSourcesBuildPhase;
			buildActionMask = 2147483647;
			files = (
			);
			runOnlyForDeploymentPostprocessing = 0;
		};
		9A62F8AE2CF235DB008166B3 /* Sources */ = {
			isa = PBXSourcesBuildPhase;
			buildActionMask = 2147483647;
			files = (
			);
			runOnlyForDeploymentPostprocessing = 0;
		};
/* End PBXSourcesBuildPhase section */

/* Begin PBXTargetDependency section */
		9A62F8AA2CF235DB008166B3 /* PBXTargetDependency */ = {
			isa = PBXTargetDependency;
			target = 9A62F8912CF235D9008166B3 /* CollectionViewTask */;
			targetProxy = 9A62F8A92CF235DB008166B3 /* PBXContainerItemProxy */;
		};
		9A62F8B42CF235DB008166B3 /* PBXTargetDependency */ = {
			isa = PBXTargetDependency;
			target = 9A62F8912CF235D9008166B3 /* CollectionViewTask */;
			targetProxy = 9A62F8B32CF235DB008166B3 /* PBXContainerItemProxy */;
		};
/* End PBXTargetDependency section */

/* Begin XCBuildConfiguration section */
		9A62F8BC2CF235DB008166B3 /* Debug */ = {
			isa = XCBuildConfiguration;
			buildSettings = {
				ASSETCATALOG_COMPILER_APPICON_NAME = AppIcon;
				ASSETCATALOG_COMPILER_GLOBAL_ACCENT_COLOR_NAME = AccentColor;
				CODE_SIGN_STYLE = Automatic;
				CURRENT_PROJECT_VERSION = 1;
				DEVELOPMENT_TEAM = P5M843F3NP;
				GENERATE_INFOPLIST_FILE = YES;
				INFOPLIST_FILE = CollectionViewTask/Info.plist;
				INFOPLIST_KEY_UIApplicationSupportsIndirectInputEvents = YES;
				INFOPLIST_KEY_UILaunchStoryboardName = LaunchScreen;
				INFOPLIST_KEY_UIMainStoryboardFile = Main;
				INFOPLIST_KEY_UISupportedInterfaceOrientations_iPad = "UIInterfaceOrientationPortrait UIInterfaceOrientationPortraitUpsideDown UIInterfaceOrientationLandscapeLeft UIInterfaceOrientationLandscapeRight";
				INFOPLIST_KEY_UISupportedInterfaceOrientations_iPhone = "UIInterfaceOrientationPortrait UIInterfaceOrientationLandscapeLeft UIInterfaceOrientationLandscapeRight";
				LD_RUNPATH_SEARCH_PATHS = (
					"$(inherited)",
					"@executable_path/Frameworks",
				);
				MARKETING_VERSION = 1.0;
				PRODUCT_BUNDLE_IDENTIFIER = com.elexoft.CollectionViewTask;
				PRODUCT_NAME = "$(TARGET_NAME)";
				SWIFT_EMIT_LOC_STRINGS = YES;
				SWIFT_VERSION = 5.0;
				TARGETED_DEVICE_FAMILY = "1,2";
			};
			name = Debug;
		};
		9A62F8BD2CF235DB008166B3 /* Release */ = {
			isa = XCBuildConfiguration;
			buildSettings = {
				ASSETCATALOG_COMPILER_APPICON_NAME = AppIcon;
				ASSETCATALOG_COMPILER_GLOBAL_ACCENT_COLOR_NAME = AccentColor;
				CODE_SIGN_STYLE = Automatic;
				CURRENT_PROJECT_VERSION = 1;
				DEVELOPMENT_TEAM = P5M843F3NP;
				GENERATE_INFOPLIST_FILE = YES;
				INFOPLIST_FILE = CollectionViewTask/Info.plist;
				INFOPLIST_KEY_UIApplicationSupportsIndirectInputEvents = YES;
				INFOPLIST_KEY_UILaunchStoryboardName = LaunchScreen;
				INFOPLIST_KEY_UIMainStoryboardFile = Main;
				INFOPLIST_KEY_UISupportedInterfaceOrientations_iPad = "UIInterfaceOrientationPortrait UIInterfaceOrientationPortraitUpsideDown UIInterfaceOrientationLandscapeLeft UIInterfaceOrientationLandscapeRight";
				INFOPLIST_KEY_UISupportedInterfaceOrientations_iPhone = "UIInterfaceOrientationPortrait UIInterfaceOrientationLandscapeLeft UIInterfaceOrientationLandscapeRight";
				LD_RUNPATH_SEARCH_PATHS = (
					"$(inherited)",
					"@executable_path/Frameworks",
				);
				MARKETING_VERSION = 1.0;
				PRODUCT_BUNDLE_IDENTIFIER = com.elexoft.CollectionViewTask;
				PRODUCT_NAME = "$(TARGET_NAME)";
				SWIFT_EMIT_LOC_STRINGS = YES;
				SWIFT_VERSION = 5.0;
				TARGETED_DEVICE_FAMILY = "1,2";
			};
			name = Release;
		};
		9A62F8BE2CF235DB008166B3 /* Debug */ = {
			isa = XCBuildConfiguration;
			buildSettings = {
				ALWAYS_SEARCH_USER_PATHS = NO;
				ASSETCATALOG_COMPILER_GENERATE_SWIFT_ASSET_SYMBOL_EXTENSIONS = YES;
				CLANG_ANALYZER_NONNULL = YES;
				CLANG_ANALYZER_NUMBER_OBJECT_CONVERSION = YES_AGGRESSIVE;
				CLANG_CXX_LANGUAGE_STANDARD = "gnu++20";
				CLANG_ENABLE_MODULES = YES;
				CLANG_ENABLE_OBJC_ARC = YES;
				CLANG_ENABLE_OBJC_WEAK = YES;
				CLANG_WARN_BLOCK_CAPTURE_AUTORELEASING = YES;
				CLANG_WARN_BOOL_CONVERSION = YES;
				CLANG_WARN_COMMA = YES;
				CLANG_WARN_CONSTANT_CONVERSION = YES;
				CLANG_WARN_DEPRECATED_OBJC_IMPLEMENTATIONS = YES;
				CLANG_WARN_DIRECT_OBJC_ISA_USAGE = YES_ERROR;
				CLANG_WARN_DOCUMENTATION_COMMENTS = YES;
				CLANG_WARN_EMPTY_BODY = YES;
				CLANG_WARN_ENUM_CONVERSION = YES;
				CLANG_WARN_INFINITE_RECURSION = YES;
				CLANG_WARN_INT_CONVERSION = YES;
				CLANG_WARN_NON_LITERAL_NULL_CONVERSION = YES;
				CLANG_WARN_OBJC_IMPLICIT_RETAIN_SELF = YES;
				CLANG_WARN_OBJC_LITERAL_CONVERSION = YES;
				CLANG_WARN_OBJC_ROOT_CLASS = YES_ERROR;
				CLANG_WARN_QUOTED_INCLUDE_IN_FRAMEWORK_HEADER = YES;
				CLANG_WARN_RANGE_LOOP_ANALYSIS = YES;
				CLANG_WARN_STRICT_PROTOTYPES = YES;
				CLANG_WARN_SUSPICIOUS_MOVE = YES;
				CLANG_WARN_UNGUARDED_AVAILABILITY = YES_AGGRESSIVE;
				CLANG_WARN_UNREACHABLE_CODE = YES;
				CLANG_WARN__DUPLICATE_METHOD_MATCH = YES;
				COPY_PHASE_STRIP = NO;
				DEBUG_INFORMATION_FORMAT = dwarf;
				ENABLE_STRICT_OBJC_MSGSEND = YES;
				ENABLE_TESTABILITY = YES;
				ENABLE_USER_SCRIPT_SANDBOXING = YES;
				GCC_C_LANGUAGE_STANDARD = gnu17;
				GCC_DYNAMIC_NO_PIC = NO;
				GCC_NO_COMMON_BLOCKS = YES;
				GCC_OPTIMIZATION_LEVEL = 0;
				GCC_PREPROCESSOR_DEFINITIONS = (
					"DEBUG=1",
					"$(inherited)",
				);
				GCC_WARN_64_TO_32_BIT_CONVERSION = YES;
				GCC_WARN_ABOUT_RETURN_TYPE = YES_ERROR;
				GCC_WARN_UNDECLARED_SELECTOR = YES;
				GCC_WARN_UNINITIALIZED_AUTOS = YES_AGGRESSIVE;
				GCC_WARN_UNUSED_FUNCTION = YES;
				GCC_WARN_UNUSED_VARIABLE = YES;
				IPHONEOS_DEPLOYMENT_TARGET = 18.1;
				LOCALIZATION_PREFERS_STRING_CATALOGS = YES;
				MTL_ENABLE_DEBUG_INFO = INCLUDE_SOURCE;
				MTL_FAST_MATH = YES;
				ONLY_ACTIVE_ARCH = YES;
				SDKROOT = iphoneos;
				SWIFT_ACTIVE_COMPILATION_CONDITIONS = "DEBUG $(inherited)";
				SWIFT_OPTIMIZATION_LEVEL = "-Onone";
			};
			name = Debug;
		};
		9A62F8BF2CF235DB008166B3 /* Release */ = {
			isa = XCBuildConfiguration;
			buildSettings = {
				ALWAYS_SEARCH_USER_PATHS = NO;
				ASSETCATALOG_COMPILER_GENERATE_SWIFT_ASSET_SYMBOL_EXTENSIONS = YES;
				CLANG_ANALYZER_NONNULL = YES;
				CLANG_ANALYZER_NUMBER_OBJECT_CONVERSION = YES_AGGRESSIVE;
				CLANG_CXX_LANGUAGE_STANDARD = "gnu++20";
				CLANG_ENABLE_MODULES = YES;
				CLANG_ENABLE_OBJC_ARC = YES;
				CLANG_ENABLE_OBJC_WEAK = YES;
				CLANG_WARN_BLOCK_CAPTURE_AUTORELEASING = YES;
				CLANG_WARN_BOOL_CONVERSION = YES;
				CLANG_WARN_COMMA = YES;
				CLANG_WARN_CONSTANT_CONVERSION = YES;
				CLANG_WARN_DEPRECATED_OBJC_IMPLEMENTATIONS = YES;
				CLANG_WARN_DIRECT_OBJC_ISA_USAGE = YES_ERROR;
				CLANG_WARN_DOCUMENTATION_COMMENTS = YES;
				CLANG_WARN_EMPTY_BODY = YES;
				CLANG_WARN_ENUM_CONVERSION = YES;
				CLANG_WARN_INFINITE_RECURSION = YES;
				CLANG_WARN_INT_CONVERSION = YES;
				CLANG_WARN_NON_LITERAL_NULL_CONVERSION = YES;
				CLANG_WARN_OBJC_IMPLICIT_RETAIN_SELF = YES;
				CLANG_WARN_OBJC_LITERAL_CONVERSION = YES;
				CLANG_WARN_OBJC_ROOT_CLASS = YES_ERROR;
				CLANG_WARN_QUOTED_INCLUDE_IN_FRAMEWORK_HEADER = YES;
				CLANG_WARN_RANGE_LOOP_ANALYSIS = YES;
				CLANG_WARN_STRICT_PROTOTYPES = YES;
				CLANG_WARN_SUSPICIOUS_MOVE = YES;
				CLANG_WARN_UNGUARDED_AVAILABILITY = YES_AGGRESSIVE;
				CLANG_WARN_UNREACHABLE_CODE = YES;
				CLANG_WARN__DUPLICATE_METHOD_MATCH = YES;
				COPY_PHASE_STRIP = NO;
				DEBUG_INFORMATION_FORMAT = "dwarf-with-dsym";
				ENABLE_NS_ASSERTIONS = NO;
				ENABLE_STRICT_OBJC_MSGSEND = YES;
				ENABLE_USER_SCRIPT_SANDBOXING = YES;
				GCC_C_LANGUAGE_STANDARD = gnu17;
				GCC_NO_COMMON_BLOCKS = YES;
				GCC_WARN_64_TO_32_BIT_CONVERSION = YES;
				GCC_WARN_ABOUT_RETURN_TYPE = YES_ERROR;
				GCC_WARN_UNDECLARED_SELECTOR = YES;
				GCC_WARN_UNINITIALIZED_AUTOS = YES_AGGRESSIVE;
				GCC_WARN_UNUSED_FUNCTION = YES;
				GCC_WARN_UNUSED_VARIABLE = YES;
				IPHONEOS_DEPLOYMENT_TARGET = 18.1;
				LOCALIZATION_PREFERS_STRING_CATALOGS = YES;
				MTL_ENABLE_DEBUG_INFO = NO;
				MTL_FAST_MATH = YES;
				SDKROOT = iphoneos;
				SWIFT_COMPILATION_MODE = wholemodule;
				VALIDATE_PRODUCT = YES;
			};
			name = Release;
		};
		9A62F8C12CF235DB008166B3 /* Debug */ = {
			isa = XCBuildConfiguration;
			buildSettings = {
				BUNDLE_LOADER = "$(TEST_HOST)";
				CODE_SIGN_STYLE = Automatic;
				CURRENT_PROJECT_VERSION = 1;
				DEVELOPMENT_TEAM = P5M843F3NP;
				GENERATE_INFOPLIST_FILE = YES;
				IPHONEOS_DEPLOYMENT_TARGET = 18.1;
				MARKETING_VERSION = 1.0;
				PRODUCT_BUNDLE_IDENTIFIER = com.elexoft.CollectionViewTaskTests;
				PRODUCT_NAME = "$(TARGET_NAME)";
				SWIFT_EMIT_LOC_STRINGS = NO;
				SWIFT_VERSION = 5.0;
				TARGETED_DEVICE_FAMILY = "1,2";
				TEST_HOST = "$(BUILT_PRODUCTS_DIR)/CollectionViewTask.app/$(BUNDLE_EXECUTABLE_FOLDER_PATH)/CollectionViewTask";
			};
			name = Debug;
		};
		9A62F8C22CF235DB008166B3 /* Release */ = {
			isa = XCBuildConfiguration;
			buildSettings = {
				BUNDLE_LOADER = "$(TEST_HOST)";
				CODE_SIGN_STYLE = Automatic;
				CURRENT_PROJECT_VERSION = 1;
				DEVELOPMENT_TEAM = P5M843F3NP;
				GENERATE_INFOPLIST_FILE = YES;
				IPHONEOS_DEPLOYMENT_TARGET = 18.1;
				MARKETING_VERSION = 1.0;
				PRODUCT_BUNDLE_IDENTIFIER = com.elexoft.CollectionViewTaskTests;
				PRODUCT_NAME = "$(TARGET_NAME)";
				SWIFT_EMIT_LOC_STRINGS = NO;
				SWIFT_VERSION = 5.0;
				TARGETED_DEVICE_FAMILY = "1,2";
				TEST_HOST = "$(BUILT_PRODUCTS_DIR)/CollectionViewTask.app/$(BUNDLE_EXECUTABLE_FOLDER_PATH)/CollectionViewTask";
			};
			name = Release;
		};
		9A62F8C42CF235DB008166B3 /* Debug */ = {
			isa = XCBuildConfiguration;
			buildSettings = {
				CODE_SIGN_STYLE = Automatic;
				CURRENT_PROJECT_VERSION = 1;
				DEVELOPMENT_TEAM = P5M843F3NP;
				GENERATE_INFOPLIST_FILE = YES;
				MARKETING_VERSION = 1.0;
				PRODUCT_BUNDLE_IDENTIFIER = com.elexoft.CollectionViewTaskUITests;
				PRODUCT_NAME = "$(TARGET_NAME)";
				SWIFT_EMIT_LOC_STRINGS = NO;
				SWIFT_VERSION = 5.0;
				TARGETED_DEVICE_FAMILY = "1,2";
				TEST_TARGET_NAME = CollectionViewTask;
			};
			name = Debug;
		};
		9A62F8C52CF235DB008166B3 /* Release */ = {
			isa = XCBuildConfiguration;
			buildSettings = {
				CODE_SIGN_STYLE = Automatic;
				CURRENT_PROJECT_VERSION = 1;
				DEVELOPMENT_TEAM = P5M843F3NP;
				GENERATE_INFOPLIST_FILE = YES;
				MARKETING_VERSION = 1.0;
				PRODUCT_BUNDLE_IDENTIFIER = com.elexoft.CollectionViewTaskUITests;
				PRODUCT_NAME = "$(TARGET_NAME)";
				SWIFT_EMIT_LOC_STRINGS = NO;
				SWIFT_VERSION = 5.0;
				TARGETED_DEVICE_FAMILY = "1,2";
				TEST_TARGET_NAME = CollectionViewTask;
			};
			name = Release;
		};
/* End XCBuildConfiguration section */

/* Begin XCConfigurationList section */
		9A62F88D2CF235D9008166B3 /* Build configuration list for PBXProject "CollectionViewTask" */ = {
			isa = XCConfigurationList;
			buildConfigurations = (
				9A62F8BE2CF235DB008166B3 /* Debug */,
				9A62F8BF2CF235DB008166B3 /* Release */,
			);
			defaultConfigurationIsVisible = 0;
			defaultConfigurationName = Release;
		};
		9A62F8BB2CF235DB008166B3 /* Build configuration list for PBXNativeTarget "CollectionViewTask" */ = {
			isa = XCConfigurationList;
			buildConfigurations = (
				9A62F8BC2CF235DB008166B3 /* Debug */,
				9A62F8BD2CF235DB008166B3 /* Release */,
			);
			defaultConfigurationIsVisible = 0;
			defaultConfigurationName = Release;
		};
		9A62F8C02CF235DB008166B3 /* Build configuration list for PBXNativeTarget "CollectionViewTaskTests" */ = {
			isa = XCConfigurationList;
			buildConfigurations = (
				9A62F8C12CF235DB008166B3 /* Debug */,
				9A62F8C22CF235DB008166B3 /* Release */,
			);
			defaultConfigurationIsVisible = 0;
			defaultConfigurationName = Release;
		};
		9A62F8C32CF235DB008166B3 /* Build configuration list for PBXNativeTarget "CollectionViewTaskUITests" */ = {
			isa = XCConfigurationList;
			buildConfigurations = (
				9A62F8C42CF235DB008166B3 /* Debug */,
				9A62F8C52CF235DB008166B3 /* Release */,
			);
			defaultConfigurationIsVisible = 0;
			defaultConfigurationName = Release;
		};
/* End XCConfigurationList section */
	};
	rootObject = 9A62F88A2CF235D9008166B3 /* Project object */;
}
